
Microsoft Visual Studio Solution File, Format Version 12.00
# Visual Studio Version 17
VisualStudioVersion = 17.7.34031.279
MinimumVisualStudioVersion = 10.0.40219.1
Project("{8BC9CEB8-8B4A-11D0-8D11-00A0C91BC942}") = "Sandbox", "Sandbox\Sandbox.vcxproj", "{F250FD36-2C4C-4BDC-9251-42DC54F10205}"
EndProject
Project("{8BC9CEB8-8B4A-11D0-8D11-00A0C91BC942}") = "Hazel", "Hazel\Hazel.vcxproj", "{A0162F0E-33C0-4A66-B902-020035FEE1E3}"
EndProject
Global
	GlobalSection(SolutionConfigurationPlatforms) = preSolution
		Debug|x64 = Debug|x64
		Release|x64 = Release|x64
	EndGlobalSection
	GlobalSection(ProjectConfigurationPlatforms) = postSolution
		{A0162F0E-33C0-4A66-B902-020035FEE1E3}.Debug|x64.ActiveCfg = Debug|x64
		{A0162F0E-33C0-4A66-B902-020035FEE1E3}.Debug|x64.Build.0 = Debug|x64
		{A0162F0E-33C0-4A66-B902-020035FEE1E3}.Release|x64.ActiveCfg = Release|x64
		{A0162F0E-33C0-4A66-B902-020035FEE1E3}.Release|x64.Build.0 = Release|x64
		{F250FD36-2C4C-4BDC-9251-42DC54F10205}.Debug|x64.ActiveCfg = Debug|x64
		{F250FD36-2C4C-4BDC-9251-42DC54F10205}.Debug|x64.Build.0 = Debug|x64
		{F250FD36-2C4C-4BDC-9251-42DC54F10205}.Release|x64.ActiveCfg = Release|x64
		{F250FD36-2C4C-4BDC-9251-42DC54F10205}.Release|x64.Build.0 = Release|x64
	EndGlobalSection
	GlobalSection(SolutionProperties) = preSolution
		HideSolutionNode = FALSE
	EndGlobalSection
	GlobalSection(ExtensibilityGlobals) = postSolution
		SolutionGuid = {EA55125D-B8CA-457D-93F7-87CD2954A1F1}
	EndGlobalSection
EndGlobal
